{
  "name": "slides",
  "lockfileVersion": 3,
  "requires": true,
  "packages": {
    "": {
      "dependencies": {
        "@iconify-json/iconoir": "^1.2.10",
        "@iconify-json/mdi": "^1.2.3",
        "@iconify-json/uim": "^1.2.3"
      },
      "devDependencies": {
        "prettier": "^3.7.4",
        "prettier-plugin-slidev": "^1.0.5"
      }
    },
    "node_modules/@iconify-json/iconoir": {
      "version": "1.2.10",
      "resolved": "https://registry.npmjs.org/@iconify-json/iconoir/-/iconoir-1.2.10.tgz",
      "integrity": "sha512-NnbdB9S5G++6wE5aEZhzpFR0HRcaZFSbJJIHOGF2axaNVKnSUs4NBW2z0uhZnM00iUkiK848Sp81EZPg52DL+w==",
      "license": "MIT",
      "dependencies": {
        "@iconify/types": "*"
      }
    },
    "node_modules/@iconify-json/mdi": {
      "version": "1.2.3",
      "resolved": "https://registry.npmjs.org/@iconify-json/mdi/-/mdi-1.2.3.tgz",
      "integrity": "sha512-O3cLwbDOK7NNDf2ihaQOH5F9JglnulNDFV7WprU2dSoZu3h3cWH//h74uQAB87brHmvFVxIOkuBX2sZSzYhScg==",
      "license": "Apache-2.0",
      "dependencies": {
        "@iconify/types": "*"
      }
    },
    "node_modules/@iconify-json/uim": {
      "version": "1.2.3",
      "resolved": "https://registry.npmjs.org/@iconify-json/uim/-/uim-1.2.3.tgz",
      "integrity": "sha512-rCOU5nrRbcg5s5ZhL9Esoj/acyPeb6hPetVQYMJ18/wJwYsQtcwrFJXy6XOwyFs9TTLnjFGynLJO/TYihOQtDg==",
      "license": "Apache-2.0",
      "dependencies": {
        "@iconify/types": "*"
      }
    },
    "node_modules/@iconify/types": {
      "version": "2.0.0",
      "resolved": "https://registry.npmjs.org/@iconify/types/-/types-2.0.0.tgz",
      "integrity": "sha512-+wluvCrRhXrhyOmRDJ3q8mux9JkKy5SJ/v8ol2tu4FVjyYvtEzkc/3pK15ET6RKg4b4w4BmTk1+gsCUhf21Ykg==",
      "license": "MIT"
    },
    "node_modules/@slidev/parser": {
      "version": "0.47.5",
      "resolved": "https://registry.npmjs.org/@slidev/parser/-/parser-0.47.5.tgz",
      "integrity": "sha512-KvqOEhIFuMDu8CjAsehMNKlAnnmAn2TRHiEymc3CMadid05oWa5zgTxqEyMxUl2rjWpYs3A1yDiendZsGYs3HA==",
      "dev": true,
      "license": "MIT",
      "dependencies": {
        "@slidev/types": "0.47.5",
        "js-yaml": "^4.1.0"
      },
      "engines": {
        "node": ">=18.0.0"
      },
      "funding": {
        "url": "https://github.com/sponsors/antfu"
      }
    },
    "node_modules/@slidev/types": {
      "version": "0.47.5",
      "resolved": "https://registry.npmjs.org/@slidev/types/-/types-0.47.5.tgz",
      "integrity": "sha512-X67V4cCgM0Sz50bP8GbVzmiL8DHC2IXvdKcsN7DlxHyf+/T4d9GveeGukwha5Fx3MuYeGZWKag7TFL2ZY4w54A==",
      "dev": true,
      "license": "MIT",
      "engines": {
        "node": ">=18.0.0"
      },
      "funding": {
        "url": "https://github.com/sponsors/antfu"
      }
    },
    "node_modules/argparse": {
      "version": "2.0.1",
      "resolved": "https://registry.npmjs.org/argparse/-/argparse-2.0.1.tgz",
      "integrity": "sha512-8+9WqebbFzpX9OR+Wa6O29asIogeRMzcGtAINdpMHHyAg10f05aSFVBbcEqGf/PXw1EjAZ+q2/bEBg3DvurK3Q==",
      "dev": true,
      "license": "Python-2.0"
    },
    "node_modules/js-yaml": {
      "version": "4.1.1",
      "resolved": "https://registry.npmjs.org/js-yaml/-/js-yaml-4.1.1.tgz",
      "integrity": "sha512-qQKT4zQxXl8lLwBtHMWwaTcGfFOZviOJet3Oy/xmGk2gZH677CJM9EvtfdSkgWcATZhj/55JZ0rmy3myCT5lsA==",
      "dev": true,
      "license": "MIT",
      "dependencies": {
        "argparse": "^2.0.1"
      },
      "bin": {
        "js-yaml": "bin/js-yaml.js"
      }
    },
    "node_modules/prettier": {
      "version": "3.7.4",
      "resolved": "https://registry.npmjs.org/prettier/-/prettier-3.7.4.tgz",
      "integrity": "sha512-v6UNi1+3hSlVvv8fSaoUbggEM5VErKmmpGA7Pl3HF8V6uKY7rvClBOJlH6yNwQtfTueNkGVpOv/mtWL9L4bgRA==",
      "dev": true,
      "license": "MIT",
      "bin": {
        "prettier": "bin/prettier.cjs"
      },
      "engines": {
        "node": ">=14"
      },
      "funding": {
        "url": "https://github.com/prettier/prettier?sponsor=1"
      }
    },
    "node_modules/prettier-plugin-slidev": {
      "version": "1.0.5",
      "resolved": "https://registry.npmjs.org/prettier-plugin-slidev/-/prettier-plugin-slidev-1.0.5.tgz",
      "integrity": "sha512-1xaKzOAX17QAcn1roUgQIAfeio3HPYYefCgzxh6Bzk+5rJJxq0I8HUhLrUyv9nCpIP6e9CDv/yDQSdEeqqRUuA==",
      "dev": true,
      "license": "MIT",
      "dependencies": {
        "@slidev/parser": "^0.47.4"
      },
      "funding": {
        "url": "https://github.com/sponsors/antfu"
      },
      "peerDependencies": {
        "prettier": "^3.2.4"
      }
    }
  }
}
